{
    "_readme": [
        "This file locks the dependencies of your project to a known state",
        "Read more about it at http://getcomposer.org/doc/01-basic-usage.md#composer-lock-the-lock-file",
        "This file is @generated automatically"
    ],
    "hash": "ee62c27ba59f56de0fd3098f2dcb79b5",
    "packages": [
        {
            "name": "voceconnect/voce-error-logging",
            "version": "0.3",
            "source": {
                "type": "git",
                "url": "https://github.com/voceconnect/voce-error-logging.git",
                "reference": "a855a2c8610ed15ec59b3195dda09b65908cf4b2"
            },
            "dist": {
                "type": "zip",
                "url": "https://api.github.com/repos/voceconnect/voce-error-logging/zipball/a855a2c8610ed15ec59b3195dda09b65908cf4b2",
                "reference": "a855a2c8610ed15ec59b3195dda09b65908cf4b2",
                "shasum": ""
            },
            "type": "library",
            "autoload": {
                "files": [
                    "voce-error-logging.php"
                ]
            },
            "notification-url": "https://packagist.org/downloads/",
            "license": [
                "GPLv2+"
            ],
            "authors": [
                {
                    "name": "Mike Pretty",
                    "email": "mpretty@voceconnect.com"
                },
                {
                    "name": "Jeff Stieler",
                    "email": "jeff@voceconnect.com"
                }
            ],
            "description": "Allows error logging as a post type.",
            "time": "2014-07-02 19:38:16"
        }
    ],
    "packages-dev": [

    ],
    "aliases": [

    ],
    "minimum-stability": "stable",
    "stability-flags": [

    ],
    "prefer-stable": false,
    "platform": [

    ],
    "platform-dev": [

    ]
}
